// !$*UTF8*$!
{
	archiveVersion = 1;
	classes = {
	};
	objectVersion = 46;
	objects = {

/* Begin PBXBuildFile section */
		B117981018D6A3A400EE5337 /* UIKit.framework in Frameworks */ = {isa = PBXBuildFile; fileRef = B117980F18D6A3A400EE5337 /* UIKit.framework */; };
		B117981218D6A3A400EE5337 /* Foundation.framework in Frameworks */ = {isa = PBXBuildFile; fileRef = B117981118D6A3A400EE5337 /* Foundation.framework */; };
		B117981418D6A3A400EE5337 /* CoreGraphics.framework in Frameworks */ = {isa = PBXBuildFile; fileRef = B117981318D6A3A400EE5337 /* CoreGraphics.framework */; };
		B117981A18D6A3A400EE5337 /* InfoPlist.strings in Resources */ = {isa = PBXBuildFile; fileRef = B117981818D6A3A400EE5337 /* InfoPlist.strings */; };
		B117981C18D6A3A400EE5337 /* main.m in Sources */ = {isa = PBXBuildFile; fileRef = B117981B18D6A3A400EE5337 /* main.m */; };
		B117982018D6A3A400EE5337 /* scorsAppDelegate.m in Sources */ = {isa = PBXBuildFile; fileRef = B117981F18D6A3A400EE5337 /* scorsAppDelegate.m */; };
		B117982218D6A3A400EE5337 /* Default.png in Resources */ = {isa = PBXBuildFile; fileRef = B117982118D6A3A400EE5337 /* Default.png */; };
		B117982418D6A3A400EE5337 /* Default@2x.png in Resources */ = {isa = PBXBuildFile; fileRef = B117982318D6A3A400EE5337 /* Default@2x.png */; };
		B117982618D6A3A400EE5337 /* Default-568h@2x.png in Resources */ = {isa = PBXBuildFile; fileRef = B117982518D6A3A400EE5337 /* Default-568h@2x.png */; };
		B117982918D6A3A400EE5337 /* MainStoryboard.storyboard in Resources */ = {isa = PBXBuildFile; fileRef = B117982718D6A3A400EE5337 /* MainStoryboard.storyboard */; };
		B117982C18D6A3A400EE5337 /* scorsViewController.m in Sources */ = {isa = PBXBuildFile; fileRef = B117982B18D6A3A400EE5337 /* scorsViewController.m */; };
		B117983418D6A3A500EE5337 /* SenTestingKit.framework in Frameworks */ = {isa = PBXBuildFile; fileRef = B117983318D6A3A500EE5337 /* SenTestingKit.framework */; };
		B117983518D6A3A500EE5337 /* UIKit.framework in Frameworks */ = {isa = PBXBuildFile; fileRef = B117980F18D6A3A400EE5337 /* UIKit.framework */; };
		B117983618D6A3A500EE5337 /* Foundation.framework in Frameworks */ = {isa = PBXBuildFile; fileRef = B117981118D6A3A400EE5337 /* Foundation.framework */; };
		B117983E18D6A3A500EE5337 /* InfoPlist.strings in Resources */ = {isa = PBXBuildFile; fileRef = B117983C18D6A3A500EE5337 /* InfoPlist.strings */; };
		B117984118D6A3A500EE5337 /* restaurantsTests.m in Sources */ = {isa = PBXBuildFile; fileRef = B117984018D6A3A500EE5337 /* restaurantsTests.m */; };
/* End PBXBuildFile section */

/* Begin PBXContainerItemProxy section */
		B117983718D6A3A500EE5337 /* PBXContainerItemProxy */ = {
			isa = PBXContainerItemProxy;
			containerPortal = B117980418D6A3A400EE5337 /* Project object */;
			proxyType = 1;
			remoteGlobalIDString = B117980B18D6A3A400EE5337;
			remoteInfo = restaurants;
		};
/* End PBXContainerItemProxy section */

/* Begin PBXFileReference section */
		B117980C18D6A3A400EE5337 /* restaurants.app */ = {isa = PBXFileReference; explicitFileType = wrapper.application; includeInIndex = 0; path = restaurants.app; sourceTree = BUILT_PRODUCTS_DIR; };
		B117980F18D6A3A400EE5337 /* UIKit.framework */ = {isa = PBXFileReference; lastKnownFileType = wrapper.framework; name = UIKit.framework; path = System/Library/Frameworks/UIKit.framework; sourceTree = SDKROOT; };
		B117981118D6A3A400EE5337 /* Foundation.framework */ = {isa = PBXFileReference; lastKnownFileType = wrapper.framework; name = Foundation.framework; path = System/Library/Frameworks/Foundation.framework; sourceTree = SDKROOT; };
		B117981318D6A3A400EE5337 /* CoreGraphics.framework */ = {isa = PBXFileReference; lastKnownFileType = wrapper.framework; name = CoreGraphics.framework; path = System/Library/Frameworks/CoreGraphics.framework; sourceTree = SDKROOT; };
		B117981718D6A3A400EE5337 /* restaurants-Info.plist */ = {isa = PBXFileReference; lastKnownFileType = text.plist.xml; path = "restaurants-Info.plist"; sourceTree = "<group>"; };
		B117981918D6A3A400EE5337 /* en */ = {isa = PBXFileReference; lastKnownFileType = text.plist.strings; name = en; path = en.lproj/InfoPlist.strings; sourceTree = "<group>"; };
		B117981B18D6A3A400EE5337 /* main.m */ = {isa = PBXFileReference; lastKnownFileType = sourcecode.c.objc; path = main.m; sourceTree = "<group>"; };
		B117981D18D6A3A400EE5337 /* restaurants-Prefix.pch */ = {isa = PBXFileReference; lastKnownFileType = sourcecode.c.h; path = "restaurants-Prefix.pch"; sourceTree = "<group>"; };
		B117981E18D6A3A400EE5337 /* scorsAppDelegate.h */ = {isa = PBXFileReference; lastKnownFileType = sourcecode.c.h; path = scorsAppDelegate.h; sourceTree = "<group>"; };
		B117981F18D6A3A400EE5337 /* scorsAppDelegate.m */ = {isa = PBXFileReference; lastKnownFileType = sourcecode.c.objc; path = scorsAppDelegate.m; sourceTree = "<group>"; };
		B117982118D6A3A400EE5337 /* Default.png */ = {isa = PBXFileReference; lastKnownFileType = image.png; path = Default.png; sourceTree = "<group>"; };
		B117982318D6A3A400EE5337 /* Default@2x.png */ = {isa = PBXFileReference; lastKnownFileType = image.png; path = "Default@2x.png"; sourceTree = "<group>"; };
		B117982518D6A3A400EE5337 /* Default-568h@2x.png */ = {isa = PBXFileReference; lastKnownFileType = image.png; path = "Default-568h@2x.png"; sourceTree = "<group>"; };
		B117982818D6A3A400EE5337 /* en */ = {isa = PBXFileReference; lastKnownFileType = file.storyboard; name = en; path = en.lproj/MainStoryboard.storyboard; sourceTree = "<group>"; };
		B117982A18D6A3A400EE5337 /* scorsViewController.h */ = {isa = PBXFileReference; lastKnownFileType = sourcecode.c.h; path = scorsViewController.h; sourceTree = "<group>"; };
		B117982B18D6A3A400EE5337 /* scorsViewController.m */ = {isa = PBXFileReference; lastKnownFileType = sourcecode.c.objc; path = scorsViewController.m; sourceTree = "<group>"; };
		B117983218D6A3A500EE5337 /* restaurantsTests.octest */ = {isa = PBXFileReference; explicitFileType = wrapper.cfbundle; includeInIndex = 0; path = restaurantsTests.octest; sourceTree = BUILT_PRODUCTS_DIR; };
		B117983318D6A3A500EE5337 /* SenTestingKit.framework */ = {isa = PBXFileReference; lastKnownFileType = wrapper.framework; name = SenTestingKit.framework; path = Library/Frameworks/SenTestingKit.framework; sourceTree = DEVELOPER_DIR; };
		B117983B18D6A3A500EE5337 /* restaurantsTests-Info.plist */ = {isa = PBXFileReference; lastKnownFileType = text.plist.xml; path = "restaurantsTests-Info.plist"; sourceTree = "<group>"; };
		B117983D18D6A3A500EE5337 /* en */ = {isa = PBXFileReference; lastKnownFileType = text.plist.strings; name = en; path = en.lproj/InfoPlist.strings; sourceTree = "<group>"; };
		B117983F18D6A3A500EE5337 /* restaurantsTests.h */ = {isa = PBXFileReference; lastKnownFileType = sourcecode.c.h; path = restaurantsTests.h; sourceTree = "<group>"; };
		B117984018D6A3A500EE5337 /* restaurantsTests.m */ = {isa = PBXFileReference; lastKnownFileType = sourcecode.c.objc; path = restaurantsTests.m; sourceTree = "<group>"; };
/* End PBXFileReference section */

/* Begin PBXFrameworksBuildPhase section */
		B117980918D6A3A400EE5337 /* Frameworks */ = {
			isa = PBXFrameworksBuildPhase;
			buildActionMask = 2147483647;
			files = (
				B117981018D6A3A400EE5337 /* UIKit.framework in Frameworks */,
				B117981218D6A3A400EE5337 /* Foundation.framework in Frameworks */,
				B117981418D6A3A400EE5337 /* CoreGraphics.framework in Frameworks */,
			);
			runOnlyForDeploymentPostprocessing = 0;
		};
		B117982E18D6A3A500EE5337 /* Frameworks */ = {
			isa = PBXFrameworksBuildPhase;
			buildActionMask = 2147483647;
			files = (
				B117983418D6A3A500EE5337 /* SenTestingKit.framework in Frameworks */,
				B117983518D6A3A500EE5337 /* UIKit.framework in Frameworks */,
				B117983618D6A3A500EE5337 /* Foundation.framework in Frameworks */,
			);
			runOnlyForDeploymentPostprocessing = 0;
		};
/* End PBXFrameworksBuildPhase section */

/* Begin PBXGroup section */
		B117980318D6A3A400EE5337 = {
			isa = PBXGroup;
			children = (
				B117981518D6A3A400EE5337 /* restaurants */,
				B117983918D6A3A500EE5337 /* restaurantsTests */,
				B117980E18D6A3A400EE5337 /* Frameworks */,
				B117980D18D6A3A400EE5337 /* Products */,
			);
			sourceTree = "<group>";
		};
		B117980D18D6A3A400EE5337 /* Products */ = {
			isa = PBXGroup;
			children = (
				B117980C18D6A3A400EE5337 /* restaurants.app */,
				B117983218D6A3A500EE5337 /* restaurantsTests.octest */,
			);
			name = Products;
			sourceTree = "<group>";
		};
		B117980E18D6A3A400EE5337 /* Frameworks */ = {
			isa = PBXGroup;
			children = (
				B117980F18D6A3A400EE5337 /* UIKit.framework */,
				B117981118D6A3A400EE5337 /* Foundation.framework */,
				B117981318D6A3A400EE5337 /* CoreGraphics.framework */,
				B117983318D6A3A500EE5337 /* SenTestingKit.framework */,
			);
			name = Frameworks;
			sourceTree = "<group>";
		};
		B117981518D6A3A400EE5337 /* restaurants */ = {
			isa = PBXGroup;
			children = (
				B117981E18D6A3A400EE5337 /* scorsAppDelegate.h */,
				B117981F18D6A3A400EE5337 /* scorsAppDelegate.m */,
				B117982718D6A3A400EE5337 /* MainStoryboard.storyboard */,
				B117982A18D6A3A400EE5337 /* scorsViewController.h */,
				B117982B18D6A3A400EE5337 /* scorsViewController.m */,
				B117981618D6A3A400EE5337 /* Supporting Files */,
			);
			path = restaurants;
			sourceTree = "<group>";
		};
		B117981618D6A3A400EE5337 /* Supporting Files */ = {
			isa = PBXGroup;
			children = (
				B117981718D6A3A400EE5337 /* restaurants-Info.plist */,
				B117981818D6A3A400EE5337 /* InfoPlist.strings */,
				B117981B18D6A3A400EE5337 /* main.m */,
				B117981D18D6A3A400EE5337 /* restaurants-Prefix.pch */,
				B117982118D6A3A400EE5337 /* Default.png */,
				B117982318D6A3A400EE5337 /* Default@2x.png */,
				B117982518D6A3A400EE5337 /* Default-568h@2x.png */,
			);
			name = "Supporting Files";
			sourceTree = "<group>";
		};
		B117983918D6A3A500EE5337 /* restaurantsTests */ = {
			isa = PBXGroup;
			children = (
				B117983F18D6A3A500EE5337 /* restaurantsTests.h */,
				B117984018D6A3A500EE5337 /* restaurantsTests.m */,
				B117983A18D6A3A500EE5337 /* Supporting Files */,
			);
			path = restaurantsTests;
			sourceTree = "<group>";
		};
		B117983A18D6A3A500EE5337 /* Supporting Files */ = {
			isa = PBXGroup;
			children = (
				B117983B18D6A3A500EE5337 /* restaurantsTests-Info.plist */,
				B117983C18D6A3A500EE5337 /* InfoPlist.strings */,
			);
			name = "Supporting Files";
			sourceTree = "<group>";
		};
/* End PBXGroup section */

/* Begin PBXNativeTarget section */
		B117980B18D6A3A400EE5337 /* restaurants */ = {
			isa = PBXNativeTarget;
			buildConfigurationList = B117984418D6A3A500EE5337 /* Build configuration list for PBXNativeTarget "restaurants" */;
			buildPhases = (
				B117980818D6A3A400EE5337 /* Sources */,
				B117980918D6A3A400EE5337 /* Frameworks */,
				B117980A18D6A3A400EE5337 /* Resources */,
			);
			buildRules = (
			);
			dependencies = (
			);
			name = restaurants;
			productName = restaurants;
			productReference = B117980C18D6A3A400EE5337 /* restaurants.app */;
			productType = "com.apple.product-type.application";
		};
		B117983118D6A3A500EE5337 /* restaurantsTests */ = {
			isa = PBXNativeTarget;
			buildConfigurationList = B117984718D6A3A500EE5337 /* Build configuration list for PBXNativeTarget "restaurantsTests" */;
			buildPhases = (
				B117982D18D6A3A500EE5337 /* Sources */,
				B117982E18D6A3A500EE5337 /* Frameworks */,
				B117982F18D6A3A500EE5337 /* Resources */,
				B117983018D6A3A500EE5337 /* ShellScript */,
			);
			buildRules = (
			);
			dependencies = (
				B117983818D6A3A500EE5337 /* PBXTargetDependency */,
			);
			name = restaurantsTests;
			productName = restaurantsTests;
			productReference = B117983218D6A3A500EE5337 /* restaurantsTests.octest */;
			productType = "com.apple.product-type.bundle";
		};
/* End PBXNativeTarget section */

/* Begin PBXProject section */
		B117980418D6A3A400EE5337 /* Project object */ = {
			isa = PBXProject;
			attributes = {
				CLASSPREFIX = scors;
				LastUpgradeCheck = 0460;
				ORGANIZATIONNAME = www.scors.io;
			};
			buildConfigurationList = B117980718D6A3A400EE5337 /* Build configuration list for PBXProject "restaurants" */;
			compatibilityVersion = "Xcode 3.2";
			developmentRegion = English;
			hasScannedForEncodings = 0;
			knownRegions = (
				en,
			);
			mainGroup = B117980318D6A3A400EE5337;
			productRefGroup = B117980D18D6A3A400EE5337 /* Products */;
			projectDirPath = "";
			projectRoot = "";
			targets = (
				B117980B18D6A3A400EE5337 /* restaurants */,
				B117983118D6A3A500EE5337 /* restaurantsTests */,
			);
		};
/* End PBXProject section */

/* Begin PBXResourcesBuildPhase section */
		B117980A18D6A3A400EE5337 /* Resources */ = {
			isa = PBXResourcesBuildPhase;
			buildActionMask = 2147483647;
			files = (
				B117981A18D6A3A400EE5337 /* InfoPlist.strings in Resources */,
				B117982218D6A3A400EE5337 /* Default.png in Resources */,
				B117982418D6A3A400EE5337 /* Default@2x.png in Resources */,
				B117982618D6A3A400EE5337 /* Default-568h@2x.png in Resources */,
				B117982918D6A3A400EE5337 /* MainStoryboard.storyboard in Resources */,
			);
			runOnlyForDeploymentPostprocessing = 0;
		};
		B117982F18D6A3A500EE5337 /* Resources */ = {
			isa = PBXResourcesBuildPhase;
			buildActionMask = 2147483647;
			files = (
				B117983E18D6A3A500EE5337 /* InfoPlist.strings in Resources */,
			);
			runOnlyForDeploymentPostprocessing = 0;
		};
/* End PBXResourcesBuildPhase section */

/* Begin PBXShellScriptBuildPhase section */
		B117983018D6A3A500EE5337 /* ShellScript */ = {
			isa = PBXShellScriptBuildPhase;
			buildActionMask = 2147483647;
			files = (
			);
			inputPaths = (
			);
			outputPaths = (
			);
			runOnlyForDeploymentPostprocessing = 0;
			shellPath = /bin/sh;
			shellScript = "# Run the unit tests in this test bundle.\n\"${SYSTEM_DEVELOPER_DIR}/Tools/RunUnitTests\"\n";
		};
/* End PBXShellScriptBuildPhase section */

/* Begin PBXSourcesBuildPhase section */
		B117980818D6A3A400EE5337 /* Sources */ = {
			isa = PBXSourcesBuildPhase;
			buildActionMask = 2147483647;
			files = (
				B117981C18D6A3A400EE5337 /* main.m in Sources */,
				B117982018D6A3A400EE5337 /* scorsAppDelegate.m in Sources */,
				B117982C18D6A3A400EE5337 /* scorsViewController.m in Sources */,
			);
			runOnlyForDeploymentPostprocessing = 0;
		};
		B117982D18D6A3A500EE5337 /* Sources */ = {
			isa = PBXSourcesBuildPhase;
			buildActionMask = 2147483647;
			files = (
				B117984118D6A3A500EE5337 /* restaurantsTests.m in Sources */,
			);
			runOnlyForDeploymentPostprocessing = 0;
		};
/* End PBXSourcesBuildPhase section */

/* Begin PBXTargetDependency section */
		B117983818D6A3A500EE5337 /* PBXTargetDependency */ = {
			isa = PBXTargetDependency;
			target = B117980B18D6A3A400EE5337 /* restaurants */;
			targetProxy = B117983718D6A3A500EE5337 /* PBXContainerItemProxy */;
		};
/* End PBXTargetDependency section */

/* Begin PBXVariantGroup section */
		B117981818D6A3A400EE5337 /* InfoPlist.strings */ = {
			isa = PBXVariantGroup;
			children = (
				B117981918D6A3A400EE5337 /* en */,
			);
			name = InfoPlist.strings;
			sourceTree = "<group>";
		};
		B117982718D6A3A400EE5337 /* MainStoryboard.storyboard */ = {
			isa = PBXVariantGroup;
			children = (
				B117982818D6A3A400EE5337 /* en */,
			);
			name = MainStoryboard.storyboard;
			sourceTree = "<group>";
		};
		B117983C18D6A3A500EE5337 /* InfoPlist.strings */ = {
			isa = PBXVariantGroup;
			children = (
				B117983D18D6A3A500EE5337 /* en */,
			);
			name = InfoPlist.strings;
			sourceTree = "<group>";
		};
/* End PBXVariantGroup section */

/* Begin XCBuildConfiguration section */
		B117984218D6A3A500EE5337 /* Debug */ = {
			isa = XCBuildConfiguration;
			buildSettings = {
				ALWAYS_SEARCH_USER_PATHS = NO;
				CLANG_CXX_LANGUAGE_STANDARD = "gnu++0x";
				CLANG_CXX_LIBRARY = "libc++";
				CLANG_ENABLE_OBJC_ARC = YES;
				CLANG_WARN_CONSTANT_CONVERSION = YES;
				CLANG_WARN_EMPTY_BODY = YES;
				CLANG_WARN_ENUM_CONVERSION = YES;
				CLANG_WARN_INT_CONVERSION = YES;
				CLANG_WARN__DUPLICATE_METHOD_MATCH = YES;
				"CODE_SIGN_IDENTITY[sdk=iphoneos*]" = "iPhone Developer";
				COPY_PHASE_STRIP = NO;
				GCC_C_LANGUAGE_STANDARD = gnu99;
				GCC_DYNAMIC_NO_PIC = NO;
				GCC_OPTIMIZATION_LEVEL = 0;
				GCC_PREPROCESSOR_DEFINITIONS = (
					"DEBUG=1",
					"$(inherited)",
				);
				GCC_SYMBOLS_PRIVATE_EXTERN = NO;
				GCC_WARN_ABOUT_RETURN_TYPE = YES;
				GCC_WARN_UNINITIALIZED_AUTOS = YES;
				GCC_WARN_UNUSED_VARIABLE = YES;
				IPHONEOS_DEPLOYMENT_TARGET = 6.1;
				ONLY_ACTIVE_ARCH = YES;
				SDKROOT = iphoneos;
			};
			name = Debug;
		};
		B117984318D6A3A500EE5337 /* Release */ = {
			isa = XCBuildConfiguration;
			buildSettings = {
				ALWAYS_SEARCH_USER_PATHS = NO;
				CLANG_CXX_LANGUAGE_STANDARD = "gnu++0x";
				CLANG_CXX_LIBRARY = "libc++";
				CLANG_ENABLE_OBJC_ARC = YES;
				CLANG_WARN_CONSTANT_CONVERSION = YES;
				CLANG_WARN_EMPTY_BODY = YES;
				CLANG_WARN_ENUM_CONVERSION = YES;
				CLANG_WARN_INT_CONVERSION = YES;
				CLANG_WARN__DUPLICATE_METHOD_MATCH = YES;
				"CODE_SIGN_IDENTITY[sdk=iphoneos*]" = "iPhone Developer";
				COPY_PHASE_STRIP = YES;
				GCC_C_LANGUAGE_STANDARD = gnu99;
				GCC_WARN_ABOUT_RETURN_TYPE = YES;
				GCC_WARN_UNINITIALIZED_AUTOS = YES;
				GCC_WARN_UNUSED_VARIABLE = YES;
				IPHONEOS_DEPLOYMENT_TARGET = 6.1;
				OTHER_CFLAGS = "-DNS_BLOCK_ASSERTIONS=1";
				SDKROOT = iphoneos;
				VALIDATE_PRODUCT = YES;
			};
			name = Release;
		};
		B117984518D6A3A500EE5337 /* Debug */ = {
			isa = XCBuildConfiguration;
			buildSettings = {
				GCC_PRECOMPILE_PREFIX_HEADER = YES;
				GCC_PREFIX_HEADER = "restaurants/restaurants-Prefix.pch";
				INFOPLIST_FILE = "restaurants/restaurants-Info.plist";
				PRODUCT_NAME = "$(TARGET_NAME)";
				WRAPPER_EXTENSION = app;
			};
			name = Debug;
		};
		B117984618D6A3A500EE5337 /* Release */ = {
			isa = XCBuildConfiguration;
			buildSettings = {
				GCC_PRECOMPILE_PREFIX_HEADER = YES;
				GCC_PREFIX_HEADER = "restaurants/restaurants-Prefix.pch";
				INFOPLIST_FILE = "restaurants/restaurants-Info.plist";
				PRODUCT_NAME = "$(TARGET_NAME)";
				WRAPPER_EXTENSION = app;
			};
			name = Release;
		};
		B117984818D6A3A500EE5337 /* Debug */ = {
			isa = XCBuildConfiguration;
			buildSettings = {
				BUNDLE_LOADER = "$(BUILT_PRODUCTS_DIR)/restaurants.app/restaurants";
				FRAMEWORK_SEARCH_PATHS = (
					"\"$(SDKROOT)/Developer/Library/Frameworks\"",
					"\"$(DEVELOPER_LIBRARY_DIR)/Frameworks\"",
				);
				GCC_PRECOMPILE_PREFIX_HEADER = YES;
				GCC_PREFIX_HEADER = "restaurants/restaurants-Prefix.pch";
				INFOPLIST_FILE = "restaurantsTests/restaurantsTests-Info.plist";
				PRODUCT_NAME = "$(TARGET_NAME)";
				TEST_HOST = "$(BUNDLE_LOADER)";
				WRAPPER_EXTENSION = octest;
			};
			name = Debug;
		};
		B117984918D6A3A500EE5337 /* Release */ = {
			isa = XCBuildConfiguration;
			buildSettings = {
				BUNDLE_LOADER = "$(BUILT_PRODUCTS_DIR)/restaurants.app/restaurants";
				FRAMEWORK_SEARCH_PATHS = (
					"\"$(SDKROOT)/Developer/Library/Frameworks\"",
					"\"$(DEVELOPER_LIBRARY_DIR)/Frameworks\"",
				);
				GCC_PRECOMPILE_PREFIX_HEADER = YES;
				GCC_PREFIX_HEADER = "restaurants/restaurants-Prefix.pch";
				INFOPLIST_FILE = "restaurantsTests/restaurantsTests-Info.plist";
				PRODUCT_NAME = "$(TARGET_NAME)";
				TEST_HOST = "$(BUNDLE_LOADER)";
				WRAPPER_EXTENSION = octest;
			};
			name = Release;
		};
/* End XCBuildConfiguration section */

/* Begin XCConfigurationList section */
		B117980718D6A3A400EE5337 /* Build configuration list for PBXProject "restaurants" */ = {
			isa = XCConfigurationList;
			buildConfigurations = (
				B117984218D6A3A500EE5337 /* Debug */,
				B117984318D6A3A500EE5337 /* Release */,
			);
			defaultConfigurationIsVisible = 0;
			defaultConfigurationName = Release;
		};
		B117984418D6A3A500EE5337 /* Build configuration list for PBXNativeTarget "restaurants" */ = {
			isa = XCConfigurationList;
			buildConfigurations = (
				B117984518D6A3A500EE5337 /* Debug */,
				B117984618D6A3A500EE5337 /* Release */,
			);
			defaultConfigurationIsVisible = 0;
		};
		B117984718D6A3A500EE5337 /* Build configuration list for PBXNativeTarget "restaurantsTests" */ = {
			isa = XCConfigurationList;
			buildConfigurations = (
				B117984818D6A3A500EE5337 /* Debug */,
				B117984918D6A3A500EE5337 /* Release */,
			);
			defaultConfigurationIsVisible = 0;
		};
/* End XCConfigurationList section */
	};
	rootObject = B117980418D6A3A400EE5337 /* Project object */;
}
